
Microsoft Visual Studio Solution File, Format Version 12.00
# Visual Studio Version 17
VisualStudioVersion = 17.11.35222.181
MinimumVisualStudioVersion = 10.0.40219.1
Project("{2150E333-8FDC-42A3-9474-1A3956D46DE8}") = "Services", "Services", "{29425968-BF77-433E-8963-212F7F08BF0B}"
EndProject
Project("{2150E333-8FDC-42A3-9474-1A3956D46DE8}") = "Catalog", "Catalog", "{53F4DE08-8DDD-4A04-AFDC-8C811B99562E}"
EndProject
Project("{9A19103F-16F7-4668-BE54-9A1E7A4F7556}") = "Catalog.API", "Services\Catalog\Catalog.API\Catalog.API.csproj", "{BC5143CA-9683-41E2-8533-225AF0321D3E}"
EndProject
Project("{9A19103F-16F7-4668-BE54-9A1E7A4F7556}") = "Catalog.Application", "Services\Catalog\Catalog.Application\Catalog.Application.csproj", "{3AF4BCF4-DD03-433F-A0AC-75D46F64D177}"
EndProject
Project("{9A19103F-16F7-4668-BE54-9A1E7A4F7556}") = "Catalog.Core", "Services\Catalog\Catalog.Core\Catalog.Core.csproj", "{75D0A9FE-3A4B-43EA-9A76-19A3538F386C}"
EndProject
Project("{9A19103F-16F7-4668-BE54-9A1E7A4F7556}") = "Catalog.Infrastructure", "Services\Catalog\Catalog.Infrastructure\Catalog.Infrastructure.csproj", "{510B90B3-A125-467C-8307-C4C3C350B3CE}"
EndProject
Project("{E53339B2-1760-4266-BCC7-CA923CBCF16C}") = "docker-compose", "docker-compose.dcproj", "{413DF696-8655-4910-AFC1-430E430F7515}"
EndProject
Project("{2150E333-8FDC-42A3-9474-1A3956D46DE8}") = "Basket", "Basket", "{69AC52C1-5280-463E-B207-A82DCE95A23E}"
EndProject
Project("{9A19103F-16F7-4668-BE54-9A1E7A4F7556}") = "Basket.API", "Services\Basket\Basket.API\Basket.API.csproj", "{CF298664-D7E5-4932-92DF-C7C96F598B3C}"
EndProject
Project("{9A19103F-16F7-4668-BE54-9A1E7A4F7556}") = "Basket.Core", "Services\Basket\Basket.Core\Basket.Core.csproj", "{E1DF6381-56EA-4F4F-8014-833B64EFEE8B}"
EndProject
Project("{9A19103F-16F7-4668-BE54-9A1E7A4F7556}") = "Basket.Application", "Services\Basket\Basket.Application\Basket.Application.csproj", "{90F51757-4352-4CBC-943B-39BBA9738AED}"
EndProject
Project("{9A19103F-16F7-4668-BE54-9A1E7A4F7556}") = "Basket.Infrastructure", "Services\Basket\Basket.Infrastructure\Basket.Infrastructure.csproj", "{5F5605F4-5FC3-4CB1-9D96-CC079A789A86}"
EndProject
Project("{2150E333-8FDC-42A3-9474-1A3956D46DE8}") = "Discount", "Discount", "{70608F9D-0296-4052-B70C-257D292D1860}"
EndProject
Project("{9A19103F-16F7-4668-BE54-9A1E7A4F7556}") = "Discount.API", "Services\Discount\Discount.API\Discount.API.csproj", "{E86D8F5E-21CB-4D7C-9185-441A8EFFCF1A}"
EndProject
Project("{9A19103F-16F7-4668-BE54-9A1E7A4F7556}") = "Discount.Application", "Services\Discount\Discount.Application\Discount.Application.csproj", "{9B7F629D-6B64-4980-ACBE-D1F0DF1FA539}"
EndProject
Project("{9A19103F-16F7-4668-BE54-9A1E7A4F7556}") = "Discount.Core", "Services\Discount\Discount.Core\Discount.Core.csproj", "{0701E599-FA13-4B2E-BA71-6292E219E519}"
EndProject
Project("{9A19103F-16F7-4668-BE54-9A1E7A4F7556}") = "Discount.Infrastructure", "Services\Discount\Discount.Infrastructure\Discount.Infrastructure.csproj", "{5FFFF1D3-0094-4ADA-95C1-5F64CA79334B}"
EndProject
Project("{2150E333-8FDC-42A3-9474-1A3956D46DE8}") = "Ordering", "Ordering", "{97902DF7-89D5-447A-9598-73557486EB07}"
EndProject
Project("{9A19103F-16F7-4668-BE54-9A1E7A4F7556}") = "Ordering.API", "Services\Ordering\Ordering.API\Ordering.API.csproj", "{9636D306-E900-4E71-9948-A21809C9C8AE}"
EndProject
Project("{9A19103F-16F7-4668-BE54-9A1E7A4F7556}") = "Ordering.Core", "Services\Ordering\Ordering.Core\Ordering.Core.csproj", "{12625A98-B84B-4EFB-9985-D2C9F202D058}"
EndProject
Project("{9A19103F-16F7-4668-BE54-9A1E7A4F7556}") = "Ordering.Application", "Services\Ordering\Ordering.Application\Ordering.Application.csproj", "{DD3D5378-9284-4075-A56B-3A2E154BFC94}"
EndProject
Project("{9A19103F-16F7-4668-BE54-9A1E7A4F7556}") = "Ordering.Infrastructure", "Services\Ordering\Ordering.Infrastructure\Ordering.Infrastructure.csproj", "{FCD19E37-FB0E-4C8E-A90F-10687341B2B6}"
EndProject
Project("{2150E333-8FDC-42A3-9474-1A3956D46DE8}") = "Infrastructure", "Infrastructure", "{18165B96-6528-4CFC-A1E5-61AC8FD17339}"
EndProject
Project("{9A19103F-16F7-4668-BE54-9A1E7A4F7556}") = "EventBus.Messages", "Infrastructure\EventBus.Messages\EventBus.Messages.csproj", "{8E25A583-825E-4B68-A183-EF68D18CC334}"
EndProject
Project("{9A19103F-16F7-4668-BE54-9A1E7A4F7556}") = "Common.Logging", "Infrastructure\Common.Logging\Common.Logging.csproj", "{5BD57517-5F8F-4805-89D5-1842E89AC3BD}"
EndProject
Project("{2150E333-8FDC-42A3-9474-1A3956D46DE8}") = "ApiGateways", "ApiGateways", "{FE4A0D2D-3E58-4809-B37D-3DA7B48730CC}"
EndProject
Project("{FAE04EC0-301F-11D3-BF4B-00C04F79EFBC}") = "Ocelot.ApiGateway", "ApiGateways\Ocelot.ApiGateway\Ocelot.ApiGateway.csproj", "{674FE4FA-127A-4125-B86E-4A92EE62B68B}"
EndProject
Project("{FAE04EC0-301F-11D3-BF4B-00C04F79EFBC}") = "IdentityServer", "Infrastructure\IdentityServer\IdentityServer.csproj", "{958193B5-D648-4F4B-A02A-24DDF580C92C}"
EndProject
Global
	GlobalSection(SolutionConfigurationPlatforms) = preSolution
		Debug|Any CPU = Debug|Any CPU
		Release|Any CPU = Release|Any CPU
	EndGlobalSection
	GlobalSection(ProjectConfigurationPlatforms) = postSolution
		{BC5143CA-9683-41E2-8533-225AF0321D3E}.Debug|Any CPU.ActiveCfg = Debug|Any CPU
		{BC5143CA-9683-41E2-8533-225AF0321D3E}.Debug|Any CPU.Build.0 = Debug|Any CPU
		{BC5143CA-9683-41E2-8533-225AF0321D3E}.Release|Any CPU.ActiveCfg = Release|Any CPU
		{BC5143CA-9683-41E2-8533-225AF0321D3E}.Release|Any CPU.Build.0 = Release|Any CPU
		{3AF4BCF4-DD03-433F-A0AC-75D46F64D177}.Debug|Any CPU.ActiveCfg = Debug|Any CPU
		{3AF4BCF4-DD03-433F-A0AC-75D46F64D177}.Debug|Any CPU.Build.0 = Debug|Any CPU
		{3AF4BCF4-DD03-433F-A0AC-75D46F64D177}.Release|Any CPU.ActiveCfg = Release|Any CPU
		{3AF4BCF4-DD03-433F-A0AC-75D46F64D177}.Release|Any CPU.Build.0 = Release|Any CPU
		{75D0A9FE-3A4B-43EA-9A76-19A3538F386C}.Debug|Any CPU.ActiveCfg = Debug|Any CPU
		{75D0A9FE-3A4B-43EA-9A76-19A3538F386C}.Debug|Any CPU.Build.0 = Debug|Any CPU
		{75D0A9FE-3A4B-43EA-9A76-19A3538F386C}.Release|Any CPU.ActiveCfg = Release|Any CPU
		{75D0A9FE-3A4B-43EA-9A76-19A3538F386C}.Release|Any CPU.Build.0 = Release|Any CPU
		{510B90B3-A125-467C-8307-C4C3C350B3CE}.Debug|Any CPU.ActiveCfg = Debug|Any CPU
		{510B90B3-A125-467C-8307-C4C3C350B3CE}.Debug|Any CPU.Build.0 = Debug|Any CPU
		{510B90B3-A125-467C-8307-C4C3C350B3CE}.Release|Any CPU.ActiveCfg = Release|Any CPU
		{510B90B3-A125-467C-8307-C4C3C350B3CE}.Release|Any CPU.Build.0 = Release|Any CPU
		{413DF696-8655-4910-AFC1-430E430F7515}.Debug|Any CPU.ActiveCfg = Debug|Any CPU
		{413DF696-8655-4910-AFC1-430E430F7515}.Debug|Any CPU.Build.0 = Debug|Any CPU
		{413DF696-8655-4910-AFC1-430E430F7515}.Release|Any CPU.ActiveCfg = Release|Any CPU
		{413DF696-8655-4910-AFC1-430E430F7515}.Release|Any CPU.Build.0 = Release|Any CPU
		{CF298664-D7E5-4932-92DF-C7C96F598B3C}.Debug|Any CPU.ActiveCfg = Debug|Any CPU
		{CF298664-D7E5-4932-92DF-C7C96F598B3C}.Debug|Any CPU.Build.0 = Debug|Any CPU
		{CF298664-D7E5-4932-92DF-C7C96F598B3C}.Release|Any CPU.ActiveCfg = Release|Any CPU
		{CF298664-D7E5-4932-92DF-C7C96F598B3C}.Release|Any CPU.Build.0 = Release|Any CPU
		{E1DF6381-56EA-4F4F-8014-833B64EFEE8B}.Debug|Any CPU.ActiveCfg = Debug|Any CPU
		{E1DF6381-56EA-4F4F-8014-833B64EFEE8B}.Debug|Any CPU.Build.0 = Debug|Any CPU
		{E1DF6381-56EA-4F4F-8014-833B64EFEE8B}.Release|Any CPU.ActiveCfg = Release|Any CPU
		{E1DF6381-56EA-4F4F-8014-833B64EFEE8B}.Release|Any CPU.Build.0 = Release|Any CPU
		{90F51757-4352-4CBC-943B-39BBA9738AED}.Debug|Any CPU.ActiveCfg = Debug|Any CPU
		{90F51757-4352-4CBC-943B-39BBA9738AED}.Debug|Any CPU.Build.0 = Debug|Any CPU
		{90F51757-4352-4CBC-943B-39BBA9738AED}.Release|Any CPU.ActiveCfg = Release|Any CPU
		{90F51757-4352-4CBC-943B-39BBA9738AED}.Release|Any CPU.Build.0 = Release|Any CPU
		{5F5605F4-5FC3-4CB1-9D96-CC079A789A86}.Debug|Any CPU.ActiveCfg = Debug|Any CPU
		{5F5605F4-5FC3-4CB1-9D96-CC079A789A86}.Debug|Any CPU.Build.0 = Debug|Any CPU
		{5F5605F4-5FC3-4CB1-9D96-CC079A789A86}.Release|Any CPU.ActiveCfg = Release|Any CPU
		{5F5605F4-5FC3-4CB1-9D96-CC079A789A86}.Release|Any CPU.Build.0 = Release|Any CPU
		{E86D8F5E-21CB-4D7C-9185-441A8EFFCF1A}.Debug|Any CPU.ActiveCfg = Debug|Any CPU
		{E86D8F5E-21CB-4D7C-9185-441A8EFFCF1A}.Debug|Any CPU.Build.0 = Debug|Any CPU
		{E86D8F5E-21CB-4D7C-9185-441A8EFFCF1A}.Release|Any CPU.ActiveCfg = Release|Any CPU
		{E86D8F5E-21CB-4D7C-9185-441A8EFFCF1A}.Release|Any CPU.Build.0 = Release|Any CPU
		{9B7F629D-6B64-4980-ACBE-D1F0DF1FA539}.Debug|Any CPU.ActiveCfg = Debug|Any CPU
		{9B7F629D-6B64-4980-ACBE-D1F0DF1FA539}.Debug|Any CPU.Build.0 = Debug|Any CPU
		{9B7F629D-6B64-4980-ACBE-D1F0DF1FA539}.Release|Any CPU.ActiveCfg = Release|Any CPU
		{9B7F629D-6B64-4980-ACBE-D1F0DF1FA539}.Release|Any CPU.Build.0 = Release|Any CPU
		{0701E599-FA13-4B2E-BA71-6292E219E519}.Debug|Any CPU.ActiveCfg = Debug|Any CPU
		{0701E599-FA13-4B2E-BA71-6292E219E519}.Debug|Any CPU.Build.0 = Debug|Any CPU
		{0701E599-FA13-4B2E-BA71-6292E219E519}.Release|Any CPU.ActiveCfg = Release|Any CPU
		{0701E599-FA13-4B2E-BA71-6292E219E519}.Release|Any CPU.Build.0 = Release|Any CPU
		{5FFFF1D3-0094-4ADA-95C1-5F64CA79334B}.Debug|Any CPU.ActiveCfg = Debug|Any CPU
		{5FFFF1D3-0094-4ADA-95C1-5F64CA79334B}.Debug|Any CPU.Build.0 = Debug|Any CPU
		{5FFFF1D3-0094-4ADA-95C1-5F64CA79334B}.Release|Any CPU.ActiveCfg = Release|Any CPU
		{5FFFF1D3-0094-4ADA-95C1-5F64CA79334B}.Release|Any CPU.Build.0 = Release|Any CPU
		{9636D306-E900-4E71-9948-A21809C9C8AE}.Debug|Any CPU.ActiveCfg = Debug|Any CPU
		{9636D306-E900-4E71-9948-A21809C9C8AE}.Debug|Any CPU.Build.0 = Debug|Any CPU
		{9636D306-E900-4E71-9948-A21809C9C8AE}.Release|Any CPU.ActiveCfg = Release|Any CPU
		{9636D306-E900-4E71-9948-A21809C9C8AE}.Release|Any CPU.Build.0 = Release|Any CPU
		{12625A98-B84B-4EFB-9985-D2C9F202D058}.Debug|Any CPU.ActiveCfg = Debug|Any CPU
		{12625A98-B84B-4EFB-9985-D2C9F202D058}.Debug|Any CPU.Build.0 = Debug|Any CPU
		{12625A98-B84B-4EFB-9985-D2C9F202D058}.Release|Any CPU.ActiveCfg = Release|Any CPU
		{12625A98-B84B-4EFB-9985-D2C9F202D058}.Release|Any CPU.Build.0 = Release|Any CPU
		{DD3D5378-9284-4075-A56B-3A2E154BFC94}.Debug|Any CPU.ActiveCfg = Debug|Any CPU
		{DD3D5378-9284-4075-A56B-3A2E154BFC94}.Debug|Any CPU.Build.0 = Debug|Any CPU
		{DD3D5378-9284-4075-A56B-3A2E154BFC94}.Release|Any CPU.ActiveCfg = Release|Any CPU
		{DD3D5378-9284-4075-A56B-3A2E154BFC94}.Release|Any CPU.Build.0 = Release|Any CPU
		{FCD19E37-FB0E-4C8E-A90F-10687341B2B6}.Debug|Any CPU.ActiveCfg = Debug|Any CPU
		{FCD19E37-FB0E-4C8E-A90F-10687341B2B6}.Debug|Any CPU.Build.0 = Debug|Any CPU
		{FCD19E37-FB0E-4C8E-A90F-10687341B2B6}.Release|Any CPU.ActiveCfg = Release|Any CPU
		{FCD19E37-FB0E-4C8E-A90F-10687341B2B6}.Release|Any CPU.Build.0 = Release|Any CPU
		{8E25A583-825E-4B68-A183-EF68D18CC334}.Debug|Any CPU.ActiveCfg = Debug|Any CPU
		{8E25A583-825E-4B68-A183-EF68D18CC334}.Debug|Any CPU.Build.0 = Debug|Any CPU
		{8E25A583-825E-4B68-A183-EF68D18CC334}.Release|Any CPU.ActiveCfg = Release|Any CPU
		{8E25A583-825E-4B68-A183-EF68D18CC334}.Release|Any CPU.Build.0 = Release|Any CPU
		{5BD57517-5F8F-4805-89D5-1842E89AC3BD}.Debug|Any CPU.ActiveCfg = Debug|Any CPU
		{5BD57517-5F8F-4805-89D5-1842E89AC3BD}.Debug|Any CPU.Build.0 = Debug|Any CPU
		{5BD57517-5F8F-4805-89D5-1842E89AC3BD}.Release|Any CPU.ActiveCfg = Release|Any CPU
		{5BD57517-5F8F-4805-89D5-1842E89AC3BD}.Release|Any CPU.Build.0 = Release|Any CPU
		{674FE4FA-127A-4125-B86E-4A92EE62B68B}.Debug|Any CPU.ActiveCfg = Debug|Any CPU
		{674FE4FA-127A-4125-B86E-4A92EE62B68B}.Debug|Any CPU.Build.0 = Debug|Any CPU
		{674FE4FA-127A-4125-B86E-4A92EE62B68B}.Release|Any CPU.ActiveCfg = Release|Any CPU
		{674FE4FA-127A-4125-B86E-4A92EE62B68B}.Release|Any CPU.Build.0 = Release|Any CPU
		{958193B5-D648-4F4B-A02A-24DDF580C92C}.Debug|Any CPU.ActiveCfg = Debug|Any CPU
		{958193B5-D648-4F4B-A02A-24DDF580C92C}.Debug|Any CPU.Build.0 = Debug|Any CPU
		{958193B5-D648-4F4B-A02A-24DDF580C92C}.Release|Any CPU.ActiveCfg = Release|Any CPU
		{958193B5-D648-4F4B-A02A-24DDF580C92C}.Release|Any CPU.Build.0 = Release|Any CPU
	EndGlobalSection
	GlobalSection(SolutionProperties) = preSolution
		HideSolutionNode = FALSE
	EndGlobalSection
	GlobalSection(NestedProjects) = preSolution
		{53F4DE08-8DDD-4A04-AFDC-8C811B99562E} = {29425968-BF77-433E-8963-212F7F08BF0B}
		{BC5143CA-9683-41E2-8533-225AF0321D3E} = {53F4DE08-8DDD-4A04-AFDC-8C811B99562E}
		{3AF4BCF4-DD03-433F-A0AC-75D46F64D177} = {53F4DE08-8DDD-4A04-AFDC-8C811B99562E}
		{75D0A9FE-3A4B-43EA-9A76-19A3538F386C} = {53F4DE08-8DDD-4A04-AFDC-8C811B99562E}
		{510B90B3-A125-467C-8307-C4C3C350B3CE} = {53F4DE08-8DDD-4A04-AFDC-8C811B99562E}
		{69AC52C1-5280-463E-B207-A82DCE95A23E} = {29425968-BF77-433E-8963-212F7F08BF0B}
		{CF298664-D7E5-4932-92DF-C7C96F598B3C} = {69AC52C1-5280-463E-B207-A82DCE95A23E}
		{E1DF6381-56EA-4F4F-8014-833B64EFEE8B} = {69AC52C1-5280-463E-B207-A82DCE95A23E}
		{90F51757-4352-4CBC-943B-39BBA9738AED} = {69AC52C1-5280-463E-B207-A82DCE95A23E}
		{5F5605F4-5FC3-4CB1-9D96-CC079A789A86} = {69AC52C1-5280-463E-B207-A82DCE95A23E}
		{70608F9D-0296-4052-B70C-257D292D1860} = {29425968-BF77-433E-8963-212F7F08BF0B}
		{E86D8F5E-21CB-4D7C-9185-441A8EFFCF1A} = {70608F9D-0296-4052-B70C-257D292D1860}
		{9B7F629D-6B64-4980-ACBE-D1F0DF1FA539} = {70608F9D-0296-4052-B70C-257D292D1860}
		{0701E599-FA13-4B2E-BA71-6292E219E519} = {70608F9D-0296-4052-B70C-257D292D1860}
		{5FFFF1D3-0094-4ADA-95C1-5F64CA79334B} = {70608F9D-0296-4052-B70C-257D292D1860}
		{97902DF7-89D5-447A-9598-73557486EB07} = {29425968-BF77-433E-8963-212F7F08BF0B}
		{9636D306-E900-4E71-9948-A21809C9C8AE} = {97902DF7-89D5-447A-9598-73557486EB07}
		{12625A98-B84B-4EFB-9985-D2C9F202D058} = {97902DF7-89D5-447A-9598-73557486EB07}
		{DD3D5378-9284-4075-A56B-3A2E154BFC94} = {97902DF7-89D5-447A-9598-73557486EB07}
		{FCD19E37-FB0E-4C8E-A90F-10687341B2B6} = {97902DF7-89D5-447A-9598-73557486EB07}
		{8E25A583-825E-4B68-A183-EF68D18CC334} = {18165B96-6528-4CFC-A1E5-61AC8FD17339}
		{5BD57517-5F8F-4805-89D5-1842E89AC3BD} = {18165B96-6528-4CFC-A1E5-61AC8FD17339}
		{674FE4FA-127A-4125-B86E-4A92EE62B68B} = {FE4A0D2D-3E58-4809-B37D-3DA7B48730CC}
		{958193B5-D648-4F4B-A02A-24DDF580C92C} = {18165B96-6528-4CFC-A1E5-61AC8FD17339}
	EndGlobalSection
	GlobalSection(ExtensibilityGlobals) = postSolution
		SolutionGuid = {40923FE3-E9A2-4A5D-95AA-00833714B625}
	EndGlobalSection
EndGlobal
